Microsoft Visual Studio Solution File, Format Version 12.00
# Visual Studio Version 17
VisualStudioVersion = 17.12.35209.166
MinimumVisualStudioVersion = 10.0.40219.1
Project("{9A19103F-16F7-4668-BE54-9A1E7A4F7556}") = "SoftwareCopyrightSourceCodeCollector", "SoftwareCopyrightSourceCodeCollector\SoftwareCopyrightSourceCodeCollector.csproj", "{C1DA9AB7-D12A-4FB5-ACB4-79DB9E505196}"
EndProject
Project("{9A19103F-16F7-4668-BE54-9A1E7A4F7556}") = "SoftwareCopyrightSourceCodeCollector.Desktop", "SoftwareCopyrightSourceCodeCollector.Desktop\SoftwareCopyrightSourceCodeCollector.Desktop.csproj", "{35CF2D0B-5971-94A7-F7F2-08AD582CA420}"
EndProject
Project("{FAE04EC0-301F-11D3-BF4B-00C04F79EFBC}") = "SoftwareCopyrightSourceCodeCollector.Console", "SoftwareCopyrightSourceCodeCollector.Console\SoftwareCopyrightSourceCodeCollector.Console.csproj", "{5AE23422-4BE6-4B90-BEB9-694108AC5052}"
EndProject
Project("{FAE04EC0-301F-11D3-BF4B-00C04F79EFBC}") = "CoreLib", "CoreLib\CoreLib.csproj", "{57AAF46D-4584-4CB3-AC16-DF998A960FE2}"
EndProject
Project("{FAE04EC0-301F-11D3-BF4B-00C04F79EFBC}") = "SoftwareCopyrightSourceCodeCollector.CoreLib", "SoftwareCopyrightSourceCodeCollector.CoreLib\SoftwareCopyrightSourceCodeCollector.CoreLib.csproj", "{F64AAFF7-0BE9-4692-9777-D75957C1FF51}"
EndProject
Global
GlobalSection(SolutionConfigurationPlatforms) = preSolution
Debug|Any CPU = Debug|Any CPU
Debug|x64 = Debug|x64
Debug|x86 = Debug|x86
Release|Any CPU = Release|Any CPU
Release|x64 = Release|x64
Release|x86 = Release|x86
EndGlobalSection
GlobalSection(ProjectConfigurationPlatforms) = postSolution
{C1DA9AB7-D12A-4FB5-ACB4-79DB9E505196}.Debug|Any CPU.ActiveCfg = Debug|Any CPU
{C1DA9AB7-D12A-4FB5-ACB4-79DB9E505196}.Debug|Any CPU.Build.0 = Debug|Any CPU
{C1DA9AB7-D12A-4FB5-ACB4-79DB9E505196}.Debug|x64.ActiveCfg = Debug|Any CPU
{C1DA9AB7-D12A-4FB5-ACB4-79DB9E505196}.Debug|x64.Build.0 = Debug|Any CPU
{C1DA9AB7-D12A-4FB5-ACB4-79DB9E505196}.Debug|x86.ActiveCfg = Debug|Any CPU
{C1DA9AB7-D12A-4FB5-ACB4-79DB9E505196}.Debug|x86.Build.0 = Debug|Any CPU
{C1DA9AB7-D12A-4FB5-ACB4-79DB9E505196}.Release|Any CPU.ActiveCfg = Release|Any CPU
{C1DA9AB7-D12A-4FB5-ACB4-79DB9E505196}.Release|Any CPU.Build.0 = Release|Any CPU
{C1DA9AB7-D12A-4FB5-ACB4-79DB9E505196}.Release|x64.ActiveCfg = Release|Any CPU
{C1DA9AB7-D12A-4FB5-ACB4-79DB9E505196}.Release|x64.Build.0 = Release|Any CPU
{C1DA9AB7-D12A-4FB5-ACB4-79DB9E505196}.Release|x86.ActiveCfg = Release|Any CPU
{C1DA9AB7-D12A-4FB5-ACB4-79DB9E505196}.Release|x86.Build.0 = Release|Any CPU
{35CF2D0B-5971-94A7-F7F2-08AD582CA420}.Debug|Any CPU.ActiveCfg = Debug|Any CPU
{35CF2D0B-5971-94A7-F7F2-08AD582CA420}.Debug|Any CPU.Build.0 = Debug|Any CPU
{35CF2D0B-5971-94A7-F7F2-08AD582CA420}.Debug|x64.ActiveCfg = Debug|Any CPU
{35CF2D0B-5971-94A7-F7F2-08AD582CA420}.Debug|x64.Build.0 = Debug|Any CPU
{35CF2D0B-5971-94A7-F7F2-08AD582CA420}.Debug|x86.ActiveCfg = Debug|Any CPU
{35CF2D0B-5971-94A7-F7F2-08AD582CA420}.Debug|x86.Build.0 = Debug|Any CPU
{35CF2D0B-5971-94A7-F7F2-08AD582CA420}.Release|Any CPU.ActiveCfg = Release|Any CPU
{35CF2D0B-5971-94A7-F7F2-08AD582CA420}.Release|Any CPU.Build.0 = Release|Any CPU
{35CF2D0B-5971-94A7-F7F2-08AD582CA420}.Release|x64.ActiveCfg = Release|Any CPU
{35CF2D0B-5971-94A7-F7F2-08AD582CA420}.Release|x64.Build.0 = Release|Any CPU
{35CF2D0B-5971-94A7-F7F2-08AD582CA420}.Release|x86.ActiveCfg = Release|Any CPU
{35CF2D0B-5971-94A7-F7F2-08AD582CA420}.Release|x86.Build.0 = Release|Any CPU
{5AE23422-4BE6-4B90-BEB9-694108AC5052}.Debug|Any CPU.ActiveCfg = Debug|Any CPU
{5AE23422-4BE6-4B90-BEB9-694108AC5052}.Debug|Any CPU.Build.0 = Debug|Any CPU
{5AE23422-4BE6-4B90-BEB9-694108AC5052}.Debug|x64.ActiveCfg = Debug|Any CPU
{5AE23422-4BE6-4B90-BEB9-694108AC5052}.Debug|x64.Build.0 = Debug|Any CPU
{5AE23422-4BE6-4B90-BEB9-694108AC5052}.Debug|x86.ActiveCfg = Debug|Any CPU
{5AE23422-4BE6-4B90-BEB9-694108AC5052}.Debug|x86.Build.0 = Debug|Any CPU
{5AE23422-4BE6-4B90-BEB9-694108AC5052}.Release|Any CPU.ActiveCfg = Release|Any CPU
{5AE23422-4BE6-4B90-BEB9-694108AC5052}.Release|Any CPU.Build.0 = Release|Any CPU
{5AE23422-4BE6-4B90-BEB9-694108AC5052}.Release|x64.ActiveCfg = Release|Any CPU
{5AE23422-4BE6-4B90-BEB9-694108AC5052}.Release|x64.Build.0 = Release|Any CPU
{5AE23422-4BE6-4B90-BEB9-694108AC5052}.Release|x86.ActiveCfg = Release|Any CPU
{5AE23422-4BE6-4B90-BEB9-694108AC5052}.Release|x86.Build.0 = Release|Any CPU
{57AAF46D-4584-4CB3-AC16-DF998A960FE2}.Debug|Any CPU.ActiveCfg = Debug|Any CPU
{57AAF46D-4584-4CB3-AC16-DF998A960FE2}.Debug|Any CPU.Build.0 = Debug|Any CPU
{57AAF46D-4584-4CB3-AC16-DF998A960FE2}.Debug|x64.ActiveCfg = Debug|Any CPU
{57AAF46D-4584-4CB3-AC16-DF998A960FE2}.Debug|x64.Build.0 = Debug|Any CPU
{57AAF46D-4584-4CB3-AC16-DF998A960FE2}.Debug|x86.ActiveCfg = Debug|Any CPU
{57AAF46D-4584-4CB3-AC16-DF998A960FE2}.Debug|x86.Build.0 = Debug|Any CPU
{57AAF46D-4584-4CB3-AC16-DF998A960FE2}.Release|Any CPU.ActiveCfg = Release|Any CPU
{57AAF46D-4584-4CB3-AC16-DF998A960FE2}.Release|Any CPU.Build.0 = Release|Any CPU
{57AAF46D-4584-4CB3-AC16-DF998A960FE2}.Release|x64.ActiveCfg = Release|Any CPU
{57AAF46D-4584-4CB3-AC16-DF998A960FE2}.Release|x64.Build.0 = Release|Any CPU
{57AAF46D-4584-4CB3-AC16-DF998A960FE2}.Release|x86.ActiveCfg = Release|Any CPU
{57AAF46D-4584-4CB3-AC16-DF998A960FE2}.Release|x86.Build.0 = Release|Any CPU
{F64AAFF7-0BE9-4692-9777-D75957C1FF51}.Debug|Any CPU.ActiveCfg = Debug|Any CPU
{F64AAFF7-0BE9-4692-9777-D75957C1FF51}.Debug|Any CPU.Build.0 = Debug|Any CPU
{F64AAFF7-0BE9-4692-9777-D75957C1FF51}.Debug|x64.ActiveCfg = Debug|Any CPU
{F64AAFF7-0BE9-4692-9777-D75957C1FF51}.Debug|x64.Build.0 = Debug|Any CPU
{F64AAFF7-0BE9-4692-9777-D75957C1FF51}.Debug|x86.ActiveCfg = Debug|Any CPU
{F64AAFF7-0BE9-4692-9777-D75957C1FF51}.Debug|x86.Build.0 = Debug|Any CPU
{F64AAFF7-0BE9-4692-9777-D75957C1FF51}.Release|Any CPU.ActiveCfg = Release|Any CPU
{F64AAFF7-0BE9-4692-9777-D75957C1FF51}.Release|Any CPU.Build.0 = Release|Any CPU
{F64AAFF7-0BE9-4692-9777-D75957C1FF51}.Release|x64.ActiveCfg = Release|Any CPU
{F64AAFF7-0BE9-4692-9777-D75957C1FF51}.Release|x64.Build.0 = Release|Any CPU
{F64AAFF7-0BE9-4692-9777-D75957C1FF51}.Release|x86.ActiveCfg = Release|Any CPU
{F64AAFF7-0BE9-4692-9777-D75957C1FF51}.Release|x86.Build.0 = Release|Any CPU
EndGlobalSection
GlobalSection(SolutionProperties) = preSolution
HideSolutionNode = FALSE
EndGlobalSection
GlobalSection(ExtensibilityGlobals) = postSolution
SolutionGuid = {A894C73D-ECAB-48C5-A178-BB495A3CFA24}
EndGlobalSection
EndGlobal
